
Microsoft Visual Studio Solution File, Format Version 12.00
# Visual Studio Version 16
VisualStudioVersion = 16.0.32630.194
MinimumVisualStudioVersion = 10.0.40219.1
Project("{FAE04EC0-301F-11D3-BF4B-00C04F79EFBC}") = "Weapon", "Weapon\Weapon.csproj", "{F57BFE0E-D447-4306-A21D-E52D91179701}"
EndProject
Global
	GlobalSection(SolutionConfigurationPlatforms) = preSolution
		Debug|Any CPU = Debug|Any CPU
		Release|Any CPU = Release|Any CPU
	EndGlobalSection
	GlobalSection(ProjectConfigurationPlatforms) = postSolution
		{F57BFE0E-D447-4306-A21D-E52D91179701}.Debug|Any CPU.ActiveCfg = Debug|Any CPU
		{F57BFE0E-D447-4306-A21D-E52D91179701}.Debug|Any CPU.Build.0 = Debug|Any CPU
		{F57BFE0E-D447-4306-A21D-E52D91179701}.Release|Any CPU.ActiveCfg = Release|Any CPU
		{F57BFE0E-D447-4306-A21D-E52D91179701}.Release|Any CPU.Build.0 = Release|Any CPU
	EndGlobalSection
	GlobalSection(SolutionProperties) = preSolution
		HideSolutionNode = FALSE
	EndGlobalSection
	GlobalSection(ExtensibilityGlobals) = postSolution
		SolutionGuid = {FE1502E5-8A6C-4AD7-8888-756608E46688}
	EndGlobalSection
EndGlobal
